
Microsoft Visual Studio Solution File, Format Version 12.00
# Visual Studio 2013
VisualStudioVersion = 12.0.30723.0
MinimumVisualStudioVersion = 10.0.40219.1
Project("{FAE04EC0-301F-11D3-BF4B-00C04F79EFBC}") = "SharpNL", "SharpNL\SharpNL.csproj", "{0FB2DE8A-7754-425B-8B8F-2EAD2DFD8192}"
EndProject
Project("{FAE04EC0-301F-11D3-BF4B-00C04F79EFBC}") = "SharpNL.Tests", "SharpNL.Tests\SharpNL.Tests.csproj", "{36851EC8-C240-4C34-83C9-1B4C29C71CA9}"
EndProject
Project("{FAE04EC0-301F-11D3-BF4B-00C04F79EFBC}") = "SharpNL.Gui", "SharpNL.Gui\SharpNL.Gui.csproj", "{6FCC1B4F-DA1A-4851-81DC-EDDC79CA9D2D}"
EndProject
Project("{2150E333-8FDC-42A3-9474-1A3956D46DE8}") = "Solution Items", "Solution Items", "{C893A6BB-B91B-4986-A20A-4442AB0B8059}"
	ProjectSection(SolutionItems) = preProject
		changelog.txt = changelog.txt
	EndProjectSection
EndProject
Project("{FAE04EC0-301F-11D3-BF4B-00C04F79EFBC}") = "SharpNL.Cmd", "SharpNL.Cmd\SharpNL.Cmd.csproj", "{46021BC2-B8FB-4AFA-A9C0-01CD208C2851}"
EndProject
Global
	GlobalSection(SolutionConfigurationPlatforms) = preSolution
		Debug|Any CPU = Debug|Any CPU
		Release|Any CPU = Release|Any CPU
	EndGlobalSection
	GlobalSection(ProjectConfigurationPlatforms) = postSolution
		{0FB2DE8A-7754-425B-8B8F-2EAD2DFD8192}.Debug|Any CPU.ActiveCfg = Debug|Any CPU
		{0FB2DE8A-7754-425B-8B8F-2EAD2DFD8192}.Debug|Any CPU.Build.0 = Debug|Any CPU
		{0FB2DE8A-7754-425B-8B8F-2EAD2DFD8192}.Release|Any CPU.ActiveCfg = Release|Any CPU
		{0FB2DE8A-7754-425B-8B8F-2EAD2DFD8192}.Release|Any CPU.Build.0 = Release|Any CPU
		{36851EC8-C240-4C34-83C9-1B4C29C71CA9}.Debug|Any CPU.ActiveCfg = Debug|Any CPU
		{36851EC8-C240-4C34-83C9-1B4C29C71CA9}.Debug|Any CPU.Build.0 = Debug|Any CPU
		{36851EC8-C240-4C34-83C9-1B4C29C71CA9}.Release|Any CPU.ActiveCfg = Release|Any CPU
		{36851EC8-C240-4C34-83C9-1B4C29C71CA9}.Release|Any CPU.Build.0 = Release|Any CPU
		{6FCC1B4F-DA1A-4851-81DC-EDDC79CA9D2D}.Debug|Any CPU.ActiveCfg = Debug|Any CPU
		{6FCC1B4F-DA1A-4851-81DC-EDDC79CA9D2D}.Debug|Any CPU.Build.0 = Debug|Any CPU
		{6FCC1B4F-DA1A-4851-81DC-EDDC79CA9D2D}.Release|Any CPU.ActiveCfg = Release|Any CPU
		{6FCC1B4F-DA1A-4851-81DC-EDDC79CA9D2D}.Release|Any CPU.Build.0 = Release|Any CPU
		{46021BC2-B8FB-4AFA-A9C0-01CD208C2851}.Debug|Any CPU.ActiveCfg = Debug|Any CPU
		{46021BC2-B8FB-4AFA-A9C0-01CD208C2851}.Debug|Any CPU.Build.0 = Debug|Any CPU
		{46021BC2-B8FB-4AFA-A9C0-01CD208C2851}.Release|Any CPU.ActiveCfg = Release|Any CPU
		{46021BC2-B8FB-4AFA-A9C0-01CD208C2851}.Release|Any CPU.Build.0 = Release|Any CPU
	EndGlobalSection
	GlobalSection(SolutionProperties) = preSolution
		HideSolutionNode = FALSE
	EndGlobalSection
EndGlobal
