
Microsoft Visual Studio Solution File, Format Version 12.00
# Visual Studio 2013
VisualStudioVersion = 12.0.30723.0
MinimumVisualStudioVersion = 10.0.40219.1
Project("{FAE04EC0-301F-11D3-BF4B-00C04F79EFBC}") = "SharpNL", "SharpNL\SharpNL.csproj", "{0FB2DE8A-7754-425B-8B8F-2EAD2DFD8192}"
EndProject
Project("{FAE04EC0-301F-11D3-BF4B-00C04F79EFBC}") = "SharpNL.Tests", "SharpNL.Tests\SharpNL.Tests.csproj", "{36851EC8-C240-4C34-83C9-1B4C29C71CA9}"
EndProject
Global
	GlobalSection(SolutionConfigurationPlatforms) = preSolution
		Debug|Any CPU = Debug|Any CPU
		Release|Any CPU = Release|Any CPU
	EndGlobalSection
	GlobalSection(ProjectConfigurationPlatforms) = postSolution
		{0FB2DE8A-7754-425B-8B8F-2EAD2DFD8192}.Debug|Any CPU.ActiveCfg = Debug|Any CPU
		{0FB2DE8A-7754-425B-8B8F-2EAD2DFD8192}.Debug|Any CPU.Build.0 = Debug|Any CPU
		{0FB2DE8A-7754-425B-8B8F-2EAD2DFD8192}.Release|Any CPU.ActiveCfg = Release|Any CPU
		{0FB2DE8A-7754-425B-8B8F-2EAD2DFD8192}.Release|Any CPU.Build.0 = Release|Any CPU
		{36851EC8-C240-4C34-83C9-1B4C29C71CA9}.Debug|Any CPU.ActiveCfg = Debug|Any CPU
		{36851EC8-C240-4C34-83C9-1B4C29C71CA9}.Debug|Any CPU.Build.0 = Debug|Any CPU
		{36851EC8-C240-4C34-83C9-1B4C29C71CA9}.Release|Any CPU.ActiveCfg = Release|Any CPU
		{36851EC8-C240-4C34-83C9-1B4C29C71CA9}.Release|Any CPU.Build.0 = Release|Any CPU
	EndGlobalSection
	GlobalSection(SolutionProperties) = preSolution
		HideSolutionNode = FALSE
	EndGlobalSection
EndGlobal
